<?xml version="1.0" encoding="utf-8"?>
<Project ToolsVersion="4.0" xmlns="http://schemas.microsoft.com/developer/msbuild/2003">
  <ItemGroup>
    <Filter Include="Manager">
      <UniqueIdentifier>{62a5137a-2484-474e-819b-b97b7c32ec05}</UniqueIdentifier>
    </Filter>
    <Filter Include="ShaderCode">
      <UniqueIdentifier>{eb776cb7-3222-48c8-9cfa-f5096d731ae6}</UniqueIdentifier>
    </Filter>
    <Filter Include="CGameObject">
      <UniqueIdentifier>{a8ad6817-31aa-4b52-91c8-35d1390f621a}</UniqueIdentifier>
    </Filter>
    <Filter Include="CGameObject\Component">
      <UniqueIdentifier>{842f9b61-96f0-42bc-8290-fd38b8bee0a3}</UniqueIdentifier>
    </Filter>
    <Filter Include="Resource">
      <UniqueIdentifier>{8c294630-f47c-4ac3-97d8-a57c4d9324ab}</UniqueIdentifier>
    </Filter>
    <Filter Include="Resource Files">
      <UniqueIdentifier>{67DA6AB6-F800-4c08-8B7A-83BB121AAD01}</UniqueIdentifier>
      <Extensions>rc;ico;cur;bmp;dlg;rc2;rct;bin;rgs;gif;jpg;jpeg;jpe;resx;tiff;tif;png;wav;mfcribbon-ms</Extensions>
    </Filter>
    <Filter Include="Module">
      <UniqueIdentifier>{cedd7d56-87cc-43fb-8c86-0e1ac54bb116}</UniqueIdentifier>
    </Filter>
    <Filter Include="Header">
      <UniqueIdentifier>{b6f15c92-d6fb-4bad-aa22-8b42f2fa7ab5}</UniqueIdentifier>
    </Filter>
    <Filter Include="Source">
      <UniqueIdentifier>{f8db8dbb-bed6-408b-a2c7-3e5f11c5bbab}</UniqueIdentifier>
    </Filter>
    <Filter Include="Rendering">
      <UniqueIdentifier>{8d6edfab-f8df-4f0e-96ab-a55777d6f3da}</UniqueIdentifier>
    </Filter>
    <Filter Include="Thread">
      <UniqueIdentifier>{5adec61f-e04b-4fad-ae87-9b91c9127370}</UniqueIdentifier>
    </Filter>
  </ItemGroup>
  <ItemGroup>
    <ClInclude Include="Core.h">
      <Filter>Manager</Filter>
    </ClInclude>
    <ClInclude Include="Device.h">
      <Filter>Manager</Filter>
    </ClInclude>
    <ClInclude Include="KeyMgr.h">
      <Filter>Manager</Filter>
    </ClInclude>
    <ClInclude Include="TimeMgr.h">
      <Filter>Manager</Filter>
    </ClInclude>
    <ClInclude Include="GameObject.h">
      <Filter>CGameObject</Filter>
    </ClInclude>
    <ClInclude Include="Component.h">
      <Filter>CGameObject\Component</Filter>
    </ClInclude>
    <ClInclude Include="Transform.h">
      <Filter>CGameObject\Component</Filter>
    </ClInclude>
    <ClInclude Include="Res.h">
      <Filter>Resource</Filter>
    </ClInclude>
    <ClInclude Include="Mesh.h">
      <Filter>Resource</Filter>
    </ClInclude>
    <ClInclude Include="Shader.h">
      <Filter>Module</Filter>
    </ClInclude>
    <ClInclude Include="MeshRender.h">
      <Filter>CGameObject\Component</Filter>
    </ClInclude>
    <ClInclude Include="PathMgr.h">
      <Filter>Manager</Filter>
    </ClInclude>
    <ClInclude Include="ResMgr.h">
      <Filter>Manager</Filter>
    </ClInclude>
    <ClInclude Include="define.h">
      <Filter>Header</Filter>
    </ClInclude>
    <ClInclude Include="etc.h">
      <Filter>Header</Filter>
    </ClInclude>
    <ClInclude Include="func.h">
      <Filter>Header</Filter>
    </ClInclude>
    <ClInclude Include="global.h">
      <Filter>Header</Filter>
    </ClInclude>
    <ClInclude Include="SimpleMath.h">
      <Filter>Header</Filter>
    </ClInclude>
    <ClInclude Include="struct.h">
      <Filter>Header</Filter>
    </ClInclude>
    <ClInclude Include="Entity.h">
      <Filter>Source</Filter>
    </ClInclude>
    <ClInclude Include="extern.h">
      <Filter>Header</Filter>
    </ClInclude>
    <ClInclude Include="ConstBuffer.h">
      <Filter>Module</Filter>
    </ClInclude>
    <ClInclude Include="Texture.h">
      <Filter>Resource</Filter>
    </ClInclude>
    <ClInclude Include="Prefab.h">
      <Filter>Resource</Filter>
    </ClInclude>
    <ClInclude Include="Sound.h">
      <Filter>Resource</Filter>
    </ClInclude>
    <ClInclude Include="Material.h">
      <Filter>Resource</Filter>
    </ClInclude>
    <ClInclude Include="Ptr.h">
      <Filter>Resource</Filter>
    </ClInclude>
    <ClInclude Include="Layer.h">
      <Filter>Module</Filter>
    </ClInclude>
    <ClInclude Include="Scene.h">
      <Filter>Module</Filter>
    </ClInclude>
    <ClInclude Include="ShaderMgr.h">
      <Filter>Manager</Filter>
    </ClInclude>
    <ClInclude Include="SceneMgr.h">
      <Filter>Manager</Filter>
    </ClInclude>
    <ClInclude Include="Script.h">
      <Filter>CGameObject\Component</Filter>
    </ClInclude>
    <ClInclude Include="well512.h">
      <Filter>Header</Filter>
    </ClInclude>
    <ClInclude Include="Camera.h">
      <Filter>CGameObject\Component</Filter>
    </ClInclude>
    <ClInclude Include="RenderMgr.h">
      <Filter>Rendering</Filter>
    </ClInclude>
    <ClInclude Include="DepthStencilState.h">
      <Filter>Rendering</Filter>
    </ClInclude>
    <ClInclude Include="BlendState.h">
      <Filter>Rendering</Filter>
    </ClInclude>
    <ClInclude Include="Collider.h">
      <Filter>CGameObject\Component</Filter>
    </ClInclude>
    <ClInclude Include="CollisionMgr.h">
      <Filter>Manager</Filter>
    </ClInclude>
    <ClInclude Include="Animator2D.h">
      <Filter>CGameObject\Component</Filter>
    </ClInclude>
    <ClInclude Include="Animation2D.h">
      <Filter>Module</Filter>
    </ClInclude>
    <ClInclude Include="EventMgr.h">
      <Filter>Manager</Filter>
    </ClInclude>
    <ClInclude Include="Grid.h">
      <Filter>CGameObject\Component</Filter>
    </ClInclude>
    <ClInclude Include="Light.h">
      <Filter>CGameObject\Component</Filter>
    </ClInclude>
    <ClInclude Include="Thread.h">
      <Filter>Thread</Filter>
    </ClInclude>
    <ClInclude Include="ThreadMgr.h">
      <Filter>Thread</Filter>
    </ClInclude>
    <ClInclude Include="LoadingThread.h">
      <Filter>Thread</Filter>
    </ClInclude>
  </ItemGroup>
  <ItemGroup>
    <ClCompile Include="Core.cpp">
      <Filter>Manager</Filter>
    </ClCompile>
    <ClCompile Include="Device.cpp">
      <Filter>Manager</Filter>
    </ClCompile>
    <ClCompile Include="KeyMgr.cpp">
      <Filter>Manager</Filter>
    </ClCompile>
    <ClCompile Include="TimeMgr.cpp">
      <Filter>Manager</Filter>
    </ClCompile>
    <ClCompile Include="GameObject.cpp">
      <Filter>CGameObject</Filter>
    </ClCompile>
    <ClCompile Include="Component.cpp">
      <Filter>CGameObject\Component</Filter>
    </ClCompile>
    <ClCompile Include="Transform.cpp">
      <Filter>CGameObject\Component</Filter>
    </ClCompile>
    <ClCompile Include="Res.cpp">
      <Filter>Resource</Filter>
    </ClCompile>
    <ClCompile Include="Mesh.cpp">
      <Filter>Resource</Filter>
    </ClCompile>
    <ClCompile Include="Shader.cpp">
      <Filter>Module</Filter>
    </ClCompile>
    <ClCompile Include="MeshRender.cpp">
      <Filter>CGameObject\Component</Filter>
    </ClCompile>
    <ClCompile Include="PathMgr.cpp">
      <Filter>Manager</Filter>
    </ClCompile>
    <ClCompile Include="ResMgr.cpp">
      <Filter>Manager</Filter>
    </ClCompile>
    <ClCompile Include="Entity.cpp">
      <Filter>Source</Filter>
    </ClCompile>
    <ClCompile Include="func.cpp">
      <Filter>Source</Filter>
    </ClCompile>
    <ClCompile Include="SimpleMath.cpp">
      <Filter>Source</Filter>
    </ClCompile>
    <ClCompile Include="ConstBuffer.cpp">
      <Filter>Module</Filter>
    </ClCompile>
    <ClCompile Include="Texture.cpp">
      <Filter>Resource</Filter>
    </ClCompile>
    <ClCompile Include="Prefab.cpp">
      <Filter>Resource</Filter>
    </ClCompile>
    <ClCompile Include="Sound.cpp">
      <Filter>Resource</Filter>
    </ClCompile>
    <ClCompile Include="Material.cpp">
      <Filter>Resource</Filter>
    </ClCompile>
    <ClCompile Include="Ptr.cpp">
      <Filter>Resource</Filter>
    </ClCompile>
    <ClCompile Include="Layer.cpp">
      <Filter>Module</Filter>
    </ClCompile>
    <ClCompile Include="Scene.cpp">
      <Filter>Module</Filter>
    </ClCompile>
    <ClCompile Include="ShaderMgr.cpp">
      <Filter>Manager</Filter>
    </ClCompile>
    <ClCompile Include="SceneMgr.cpp">
      <Filter>Manager</Filter>
    </ClCompile>
    <ClCompile Include="Script.cpp">
      <Filter>CGameObject\Component</Filter>
    </ClCompile>
    <ClCompile Include="Camera.cpp">
      <Filter>CGameObject\Component</Filter>
    </ClCompile>
    <ClCompile Include="RenderMgr.cpp">
      <Filter>Rendering</Filter>
    </ClCompile>
    <ClCompile Include="DepthStencilState.cpp">
      <Filter>Rendering</Filter>
    </ClCompile>
    <ClCompile Include="BlendState.cpp">
      <Filter>Rendering</Filter>
    </ClCompile>
    <ClCompile Include="Collider.cpp">
      <Filter>CGameObject\Component</Filter>
    </ClCompile>
    <ClCompile Include="CollisionMgr.cpp">
      <Filter>Manager</Filter>
    </ClCompile>
    <ClCompile Include="Animator2D.cpp">
      <Filter>CGameObject\Component</Filter>
    </ClCompile>
    <ClCompile Include="Animation2D.cpp">
      <Filter>Module</Filter>
    </ClCompile>
    <ClCompile Include="EventMgr.cpp">
      <Filter>Manager</Filter>
    </ClCompile>
    <ClCompile Include="Grid.cpp">
      <Filter>CGameObject\Component</Filter>
    </ClCompile>
    <ClCompile Include="Light.cpp">
      <Filter>CGameObject\Component</Filter>
    </ClCompile>
    <ClCompile Include="Thread.cpp">
      <Filter>Thread</Filter>
    </ClCompile>
    <ClCompile Include="ThreadMgr.cpp">
      <Filter>Thread</Filter>
    </ClCompile>
    <ClCompile Include="LoadingThread.cpp">
      <Filter>Thread</Filter>
    </ClCompile>
  </ItemGroup>
  <ItemGroup>
    <FxCompile Include="std.fx">
      <Filter>ShaderCode</Filter>
    </FxCompile>
    <FxCompile Include="value.fx">
      <Filter>ShaderCode</Filter>
    </FxCompile>
    <FxCompile Include="skybox.fx">
      <Filter>ShaderCode</Filter>
    </FxCompile>
    <FxCompile Include="test.fx">
      <Filter>ShaderCode</Filter>
    </FxCompile>
  </ItemGroup>
  <ItemGroup>
    <None Include="SimpleMath.inl">
      <Filter>Header</Filter>
    </None>
  </ItemGroup>
</Project>